
Microsoft Visual Studio Solution File, Format Version 12.00
# Visual Studio Version 17
VisualStudioVersion = 17.7.34003.232
MinimumVisualStudioVersion = 10.0.40219.1
Project("{FAE04EC0-301F-11D3-BF4B-00C04F79EFBC}") = "AcortadorURL", "AcortadorURL\AcortadorURL.csproj", "{66A3ED72-1B78-4FD0-8C6E-263EE829B0AA}"
EndProject
Global
	GlobalSection(SolutionConfigurationPlatforms) = preSolution
		Debug|Any CPU = Debug|Any CPU
		Release|Any CPU = Release|Any CPU
	EndGlobalSection
	GlobalSection(ProjectConfigurationPlatforms) = postSolution
		{66A3ED72-1B78-4FD0-8C6E-263EE829B0AA}.Debug|Any CPU.ActiveCfg = Debug|Any CPU
		{66A3ED72-1B78-4FD0-8C6E-263EE829B0AA}.Debug|Any CPU.Build.0 = Debug|Any CPU
		{66A3ED72-1B78-4FD0-8C6E-263EE829B0AA}.Release|Any CPU.ActiveCfg = Release|Any CPU
		{66A3ED72-1B78-4FD0-8C6E-263EE829B0AA}.Release|Any CPU.Build.0 = Release|Any CPU
	EndGlobalSection
	GlobalSection(SolutionProperties) = preSolution
		HideSolutionNode = FALSE
	EndGlobalSection
	GlobalSection(ExtensibilityGlobals) = postSolution
		SolutionGuid = {EF257386-6F2A-49F0-B413-21FD4051096C}
	EndGlobalSection
EndGlobal
